
Microsoft Visual Studio Solution File, Format Version 12.00
# Visual Studio Version 17
VisualStudioVersion = 17.0.32112.339
MinimumVisualStudioVersion = 10.0.40219.1
Project("{9A19103F-16F7-4668-BE54-9A1E7A4F7556}") = "BlazeMaxControls", "BlazeMaxControls\BlazeMaxControls.csproj", "{A452FCC9-A815-43D4-866B-D33FFEA37912}"
EndProject
Project("{9A19103F-16F7-4668-BE54-9A1E7A4F7556}") = "veXMAX.Lib", "..\..\..\..\..\Frog\Blazor\veXMAX.Lib\veXMAX.Lib.csproj", "{BDC1F7E5-B983-4234-9530-6420740F6DAA}"
EndProject
Project("{9A19103F-16F7-4668-BE54-9A1E7A4F7556}") = "veXMAX.Data", "..\..\..\..\..\Frog\Blazor\veXMAX.Data\veXMAX.Data.csproj", "{8DE2B7FA-DE2B-48DC-AAD1-4562F384DAA6}"
EndProject
Project("{9A19103F-16F7-4668-BE54-9A1E7A4F7556}") = "veXMAX.Data.Interface", "..\..\..\..\..\Frog\Blazor\veXMAX.Data.Interface\veXMAX.Data.Interface.csproj", "{44DE99AC-B0C1-4402-B1F9-B45A7B1A3C02}"
EndProject
Project("{9A19103F-16F7-4668-BE54-9A1E7A4F7556}") = "veXMAX.Shared", "..\..\..\..\..\Frog\Blazor\veXMAX.Shared\veXMAX.Shared.csproj", "{281392B2-000E-46E3-9918-1C9EAF787947}"
EndProject
Global
	GlobalSection(SolutionConfigurationPlatforms) = preSolution
		Debug|Any CPU = Debug|Any CPU
		Release|Any CPU = Release|Any CPU
	EndGlobalSection
	GlobalSection(ProjectConfigurationPlatforms) = postSolution
		{A452FCC9-A815-43D4-866B-D33FFEA37912}.Debug|Any CPU.ActiveCfg = Debug|Any CPU
		{A452FCC9-A815-43D4-866B-D33FFEA37912}.Debug|Any CPU.Build.0 = Debug|Any CPU
		{A452FCC9-A815-43D4-866B-D33FFEA37912}.Release|Any CPU.ActiveCfg = Release|Any CPU
		{A452FCC9-A815-43D4-866B-D33FFEA37912}.Release|Any CPU.Build.0 = Release|Any CPU
		{BDC1F7E5-B983-4234-9530-6420740F6DAA}.Debug|Any CPU.ActiveCfg = Debug|Any CPU
		{BDC1F7E5-B983-4234-9530-6420740F6DAA}.Debug|Any CPU.Build.0 = Debug|Any CPU
		{BDC1F7E5-B983-4234-9530-6420740F6DAA}.Release|Any CPU.ActiveCfg = Release|Any CPU
		{BDC1F7E5-B983-4234-9530-6420740F6DAA}.Release|Any CPU.Build.0 = Release|Any CPU
		{8DE2B7FA-DE2B-48DC-AAD1-4562F384DAA6}.Debug|Any CPU.ActiveCfg = Debug|Any CPU
		{8DE2B7FA-DE2B-48DC-AAD1-4562F384DAA6}.Debug|Any CPU.Build.0 = Debug|Any CPU
		{8DE2B7FA-DE2B-48DC-AAD1-4562F384DAA6}.Release|Any CPU.ActiveCfg = Release|Any CPU
		{8DE2B7FA-DE2B-48DC-AAD1-4562F384DAA6}.Release|Any CPU.Build.0 = Release|Any CPU
		{44DE99AC-B0C1-4402-B1F9-B45A7B1A3C02}.Debug|Any CPU.ActiveCfg = Debug|Any CPU
		{44DE99AC-B0C1-4402-B1F9-B45A7B1A3C02}.Debug|Any CPU.Build.0 = Debug|Any CPU
		{44DE99AC-B0C1-4402-B1F9-B45A7B1A3C02}.Release|Any CPU.ActiveCfg = Release|Any CPU
		{44DE99AC-B0C1-4402-B1F9-B45A7B1A3C02}.Release|Any CPU.Build.0 = Release|Any CPU
		{281392B2-000E-46E3-9918-1C9EAF787947}.Debug|Any CPU.ActiveCfg = Debug|Any CPU
		{281392B2-000E-46E3-9918-1C9EAF787947}.Debug|Any CPU.Build.0 = Debug|Any CPU
		{281392B2-000E-46E3-9918-1C9EAF787947}.Release|Any CPU.ActiveCfg = Release|Any CPU
		{281392B2-000E-46E3-9918-1C9EAF787947}.Release|Any CPU.Build.0 = Release|Any CPU
	EndGlobalSection
	GlobalSection(SolutionProperties) = preSolution
		HideSolutionNode = FALSE
	EndGlobalSection
	GlobalSection(ExtensibilityGlobals) = postSolution
		SolutionGuid = {0BC39C48-CABC-4440-9FA4-D78B32C28F29}
	EndGlobalSection
EndGlobal
