
Microsoft Visual Studio Solution File, Format Version 12.00
# Visual Studio Version 17
VisualStudioVersion = 17.0.31912.275
MinimumVisualStudioVersion = 10.0.40219.1
Project("{9A19103F-16F7-4668-BE54-9A1E7A4F7556}") = "veXMAX.Desktop", "veXMAX.Desktop\veXMAX.Desktop.csproj", "{007635CE-8E6A-484C-8FCE-5D9EE0CEED86}"
EndProject
Project("{9A19103F-16F7-4668-BE54-9A1E7A4F7556}") = "BlazeMaxControls", "..\..\BlazeMaxControls\BlazeMaxControls.csproj", "{EC9AA9A1-181D-4E37-8CFA-94FD49D80AE1}"
EndProject
Project("{9A19103F-16F7-4668-BE54-9A1E7A4F7556}") = "veXMAX.Shared", "..\..\..\..\..\..\..\Frog\Blazor\veXMAX.Shared\veXMAX.Shared.csproj", "{2DCA1EFD-3414-4D97-B56A-E019E91A0B55}"
EndProject
Project("{9A19103F-16F7-4668-BE54-9A1E7A4F7556}") = "veXMAX.Lib", "..\..\..\..\..\..\..\Frog\Blazor\veXMAX.Lib\veXMAX.Lib.csproj", "{C5F0D115-01B9-4389-A746-AD975719B987}"
EndProject
Project("{9A19103F-16F7-4668-BE54-9A1E7A4F7556}") = "veXMAX.Data", "..\..\..\..\..\..\..\Frog\Blazor\veXMAX.Data\veXMAX.Data.csproj", "{703A5C75-19D0-4538-B50A-943BF33BF064}"
EndProject
Project("{9A19103F-16F7-4668-BE54-9A1E7A4F7556}") = "veXMAX.Data.Interface", "..\..\..\..\..\..\..\Frog\Blazor\veXMAX.Data.Interface\veXMAX.Data.Interface.csproj", "{2C75DA03-5BC9-465E-A1BF-5D82241AFF9E}"
EndProject
Global
	GlobalSection(SolutionConfigurationPlatforms) = preSolution
		Debug|Any CPU = Debug|Any CPU
		Release|Any CPU = Release|Any CPU
	EndGlobalSection
	GlobalSection(ProjectConfigurationPlatforms) = postSolution
		{007635CE-8E6A-484C-8FCE-5D9EE0CEED86}.Debug|Any CPU.ActiveCfg = Debug|Any CPU
		{007635CE-8E6A-484C-8FCE-5D9EE0CEED86}.Debug|Any CPU.Build.0 = Debug|Any CPU
		{007635CE-8E6A-484C-8FCE-5D9EE0CEED86}.Release|Any CPU.ActiveCfg = Release|Any CPU
		{007635CE-8E6A-484C-8FCE-5D9EE0CEED86}.Release|Any CPU.Build.0 = Release|Any CPU
		{EC9AA9A1-181D-4E37-8CFA-94FD49D80AE1}.Debug|Any CPU.ActiveCfg = Debug|Any CPU
		{EC9AA9A1-181D-4E37-8CFA-94FD49D80AE1}.Debug|Any CPU.Build.0 = Debug|Any CPU
		{EC9AA9A1-181D-4E37-8CFA-94FD49D80AE1}.Release|Any CPU.ActiveCfg = Release|Any CPU
		{EC9AA9A1-181D-4E37-8CFA-94FD49D80AE1}.Release|Any CPU.Build.0 = Release|Any CPU
		{2DCA1EFD-3414-4D97-B56A-E019E91A0B55}.Debug|Any CPU.ActiveCfg = Debug|Any CPU
		{2DCA1EFD-3414-4D97-B56A-E019E91A0B55}.Debug|Any CPU.Build.0 = Debug|Any CPU
		{2DCA1EFD-3414-4D97-B56A-E019E91A0B55}.Release|Any CPU.ActiveCfg = Release|Any CPU
		{2DCA1EFD-3414-4D97-B56A-E019E91A0B55}.Release|Any CPU.Build.0 = Release|Any CPU
		{C5F0D115-01B9-4389-A746-AD975719B987}.Debug|Any CPU.ActiveCfg = Debug|Any CPU
		{C5F0D115-01B9-4389-A746-AD975719B987}.Debug|Any CPU.Build.0 = Debug|Any CPU
		{C5F0D115-01B9-4389-A746-AD975719B987}.Release|Any CPU.ActiveCfg = Release|Any CPU
		{C5F0D115-01B9-4389-A746-AD975719B987}.Release|Any CPU.Build.0 = Release|Any CPU
		{703A5C75-19D0-4538-B50A-943BF33BF064}.Debug|Any CPU.ActiveCfg = Debug|Any CPU
		{703A5C75-19D0-4538-B50A-943BF33BF064}.Debug|Any CPU.Build.0 = Debug|Any CPU
		{703A5C75-19D0-4538-B50A-943BF33BF064}.Release|Any CPU.ActiveCfg = Release|Any CPU
		{703A5C75-19D0-4538-B50A-943BF33BF064}.Release|Any CPU.Build.0 = Release|Any CPU
		{2C75DA03-5BC9-465E-A1BF-5D82241AFF9E}.Debug|Any CPU.ActiveCfg = Debug|Any CPU
		{2C75DA03-5BC9-465E-A1BF-5D82241AFF9E}.Debug|Any CPU.Build.0 = Debug|Any CPU
		{2C75DA03-5BC9-465E-A1BF-5D82241AFF9E}.Release|Any CPU.ActiveCfg = Release|Any CPU
		{2C75DA03-5BC9-465E-A1BF-5D82241AFF9E}.Release|Any CPU.Build.0 = Release|Any CPU
	EndGlobalSection
	GlobalSection(SolutionProperties) = preSolution
		HideSolutionNode = FALSE
	EndGlobalSection
	GlobalSection(ExtensibilityGlobals) = postSolution
		SolutionGuid = {6AF981B0-923C-4322-A853-4303CF97016A}
	EndGlobalSection
EndGlobal
